// !$*UTF8*$!
{
	archiveVersion = 1;
	classes = {
	};
	objectVersion = 55;
	objects = {

/* Begin PBXBuildFile section */
		63658AF027D6758A00EDA5D1 /* AppDelegate.swift in Sources */ = {isa = PBXBuildFile; fileRef = 63658AEF27D6758A00EDA5D1 /* AppDelegate.swift */; };
		63658AF227D6758A00EDA5D1 /* SceneDelegate.swift in Sources */ = {isa = PBXBuildFile; fileRef = 63658AF127D6758A00EDA5D1 /* SceneDelegate.swift */; };
		63658AF427D6758A00EDA5D1 /* ViewController.swift in Sources */ = {isa = PBXBuildFile; fileRef = 63658AF327D6758A00EDA5D1 /* ViewController.swift */; };
		63658AF727D6758A00EDA5D1 /* Main.storyboard in Resources */ = {isa = PBXBuildFile; fileRef = 63658AF527D6758A00EDA5D1 /* Main.storyboard */; };
		63658AF927D6758B00EDA5D1 /* Assets.xcassets in Resources */ = {isa = PBXBuildFile; fileRef = 63658AF827D6758B00EDA5D1 /* Assets.xcassets */; };
		63658AFC27D6758B00EDA5D1 /* LaunchScreen.storyboard in Resources */ = {isa = PBXBuildFile; fileRef = 63658AFA27D6758B00EDA5D1 /* LaunchScreen.storyboard */; };
		63658B0427D67D9800EDA5D1 /* FirstTaskViewController.swift in Sources */ = {isa = PBXBuildFile; fileRef = 63658B0327D67D9700EDA5D1 /* FirstTaskViewController.swift */; };
		63658B0627D67DB400EDA5D1 /* SecondTackViewController.swift in Sources */ = {isa = PBXBuildFile; fileRef = 63658B0527D67DB400EDA5D1 /* SecondTackViewController.swift */; };
/* End PBXBuildFile section */

/* Begin PBXFileReference section */
		63658AEC27D6758A00EDA5D1 /* Hw-8-1.app */ = {isa = PBXFileReference; explicitFileType = wrapper.application; includeInIndex = 0; path = "Hw-8-1.app"; sourceTree = BUILT_PRODUCTS_DIR; };
		63658AEF27D6758A00EDA5D1 /* AppDelegate.swift */ = {isa = PBXFileReference; lastKnownFileType = sourcecode.swift; path = AppDelegate.swift; sourceTree = "<group>"; };
		63658AF127D6758A00EDA5D1 /* SceneDelegate.swift */ = {isa = PBXFileReference; lastKnownFileType = sourcecode.swift; path = SceneDelegate.swift; sourceTree = "<group>"; };
		63658AF327D6758A00EDA5D1 /* ViewController.swift */ = {isa = PBXFileReference; lastKnownFileType = sourcecode.swift; path = ViewController.swift; sourceTree = "<group>"; };
		63658AF627D6758A00EDA5D1 /* Base */ = {isa = PBXFileReference; lastKnownFileType = file.storyboard; name = Base; path = Base.lproj/Main.storyboard; sourceTree = "<group>"; };
		63658AF827D6758B00EDA5D1 /* Assets.xcassets */ = {isa = PBXFileReference; lastKnownFileType = folder.assetcatalog; path = Assets.xcassets; sourceTree = "<group>"; };
		63658AFB27D6758B00EDA5D1 /* Base */ = {isa = PBXFileReference; lastKnownFileType = file.storyboard; name = Base; path = Base.lproj/LaunchScreen.storyboard; sourceTree = "<group>"; };
		63658AFD27D6758B00EDA5D1 /* Info.plist */ = {isa = PBXFileReference; lastKnownFileType = text.plist.xml; path = Info.plist; sourceTree = "<group>"; };
		63658B0327D67D9700EDA5D1 /* FirstTaskViewController.swift */ = {isa = PBXFileReference; lastKnownFileType = sourcecode.swift; path = FirstTaskViewController.swift; sourceTree = "<group>"; };
		63658B0527D67DB400EDA5D1 /* SecondTackViewController.swift */ = {isa = PBXFileReference; lastKnownFileType = sourcecode.swift; path = SecondTackViewController.swift; sourceTree = "<group>"; };
/* End PBXFileReference section */

/* Begin PBXFrameworksBuildPhase section */
		63658AE927D6758A00EDA5D1 /* Frameworks */ = {
			isa = PBXFrameworksBuildPhase;
			buildActionMask = 2147483647;
			files = (
			);
			runOnlyForDeploymentPostprocessing = 0;
		};
/* End PBXFrameworksBuildPhase section */

/* Begin PBXGroup section */
		63658AE327D6758900EDA5D1 = {
			isa = PBXGroup;
			children = (
				63658AEE27D6758A00EDA5D1 /* Hw-8-1 */,
				63658AED27D6758A00EDA5D1 /* Products */,
			);
			sourceTree = "<group>";
		};
		63658AED27D6758A00EDA5D1 /* Products */ = {
			isa = PBXGroup;
			children = (
				63658AEC27D6758A00EDA5D1 /* Hw-8-1.app */,
			);
			name = Products;
			sourceTree = "<group>";
		};
		63658AEE27D6758A00EDA5D1 /* Hw-8-1 */ = {
			isa = PBXGroup;
			children = (
				63658AEF27D6758A00EDA5D1 /* AppDelegate.swift */,
				63658AF127D6758A00EDA5D1 /* SceneDelegate.swift */,
				63658AF327D6758A00EDA5D1 /* ViewController.swift */,
				63658B0327D67D9700EDA5D1 /* FirstTaskViewController.swift */,
				63658B0527D67DB400EDA5D1 /* SecondTackViewController.swift */,
				63658AF527D6758A00EDA5D1 /* Main.storyboard */,
				63658AF827D6758B00EDA5D1 /* Assets.xcassets */,
				63658AFA27D6758B00EDA5D1 /* LaunchScreen.storyboard */,
				63658AFD27D6758B00EDA5D1 /* Info.plist */,
			);
			path = "Hw-8-1";
			sourceTree = "<group>";
		};
/* End PBXGroup section */

/* Begin PBXNativeTarget section */
		63658AEB27D6758A00EDA5D1 /* Hw-8-1 */ = {
			isa = PBXNativeTarget;
			buildConfigurationList = 63658B0027D6758B00EDA5D1 /* Build configuration list for PBXNativeTarget "Hw-8-1" */;
			buildPhases = (
				63658AE827D6758A00EDA5D1 /* Sources */,
				63658AE927D6758A00EDA5D1 /* Frameworks */,
				63658AEA27D6758A00EDA5D1 /* Resources */,
			);
			buildRules = (
			);
			dependencies = (
			);
			name = "Hw-8-1";
			productName = "Hw 8-1";
			productReference = 63658AEC27D6758A00EDA5D1 /* Hw-8-1.app */;
			productType = "com.apple.product-type.application";
		};
/* End PBXNativeTarget section */

/* Begin PBXProject section */
		63658AE427D6758900EDA5D1 /* Project object */ = {
			isa = PBXProject;
			attributes = {
				BuildIndependentTargetsInParallel = 1;
				LastSwiftUpdateCheck = 1320;
				LastUpgradeCheck = 1320;
				TargetAttributes = {
					63658AEB27D6758A00EDA5D1 = {
						CreatedOnToolsVersion = 13.2.1;
					};
				};
			};
			buildConfigurationList = 63658AE727D6758900EDA5D1 /* Build configuration list for PBXProject "Hw-8-1" */;
			compatibilityVersion = "Xcode 13.0";
			developmentRegion = en;
			hasScannedForEncodings = 0;
			knownRegions = (
				en,
				Base,
			);
			mainGroup = 63658AE327D6758900EDA5D1;
			productRefGroup = 63658AED27D6758A00EDA5D1 /* Products */;
			projectDirPath = "";
			projectRoot = "";
			targets = (
				63658AEB27D6758A00EDA5D1 /* Hw-8-1 */,
			);
		};
/* End PBXProject section */

/* Begin PBXResourcesBuildPhase section */
		63658AEA27D6758A00EDA5D1 /* Resources */ = {
			isa = PBXResourcesBuildPhase;
			buildActionMask = 2147483647;
			files = (
				63658AFC27D6758B00EDA5D1 /* LaunchScreen.storyboard in Resources */,
				63658AF927D6758B00EDA5D1 /* Assets.xcassets in Resources */,
				63658AF727D6758A00EDA5D1 /* Main.storyboard in Resources */,
			);
			runOnlyForDeploymentPostprocessing = 0;
		};
/* End PBXResourcesBuildPhase section */

/* Begin PBXSourcesBuildPhase section */
		63658AE827D6758A00EDA5D1 /* Sources */ = {
			isa = PBXSourcesBuildPhase;
			buildActionMask = 2147483647;
			files = (
				63658AF427D6758A00EDA5D1 /* ViewController.swift in Sources */,
				63658AF027D6758A00EDA5D1 /* AppDelegate.swift in Sources */,
				63658B0627D67DB400EDA5D1 /* SecondTackViewController.swift in Sources */,
				63658B0427D67D9800EDA5D1 /* FirstTaskViewController.swift in Sources */,
				63658AF227D6758A00EDA5D1 /* SceneDelegate.swift in Sources */,
			);
			runOnlyForDeploymentPostprocessing = 0;
		};
/* End PBXSourcesBuildPhase section */

/* Begin PBXVariantGroup section */
		63658AF527D6758A00EDA5D1 /* Main.storyboard */ = {
			isa = PBXVariantGroup;
			children = (
				63658AF627D6758A00EDA5D1 /* Base */,
			);
			name = Main.storyboard;
			sourceTree = "<group>";
		};
		63658AFA27D6758B00EDA5D1 /* LaunchScreen.storyboard */ = {
			isa = PBXVariantGroup;
			children = (
				63658AFB27D6758B00EDA5D1 /* Base */,
			);
			name = LaunchScreen.storyboard;
			sourceTree = "<group>";
		};
/* End PBXVariantGroup section */

/* Begin XCBuildConfiguration section */
		63658AFE27D6758B00EDA5D1 /* Debug */ = {
			isa = XCBuildConfiguration;
			buildSettings = {
				ALWAYS_SEARCH_USER_PATHS = NO;
				CLANG_ANALYZER_NONNULL = YES;
				CLANG_ANALYZER_NUMBER_OBJECT_CONVERSION = YES_AGGRESSIVE;
				CLANG_CXX_LANGUAGE_STANDARD = "gnu++17";
				CLANG_CXX_LIBRARY = "libc++";
				CLANG_ENABLE_MODULES = YES;
				CLANG_ENABLE_OBJC_ARC = YES;
				CLANG_ENABLE_OBJC_WEAK = YES;
				CLANG_WARN_BLOCK_CAPTURE_AUTORELEASING = YES;
				CLANG_WARN_BOOL_CONVERSION = YES;
				CLANG_WARN_COMMA = YES;
				CLANG_WARN_CONSTANT_CONVERSION = YES;
				CLANG_WARN_DEPRECATED_OBJC_IMPLEMENTATIONS = YES;
				CLANG_WARN_DIRECT_OBJC_ISA_USAGE = YES_ERROR;
				CLANG_WARN_DOCUMENTATION_COMMENTS = YES;
				CLANG_WARN_EMPTY_BODY = YES;
				CLANG_WARN_ENUM_CONVERSION = YES;
				CLANG_WARN_INFINITE_RECURSION = YES;
				CLANG_WARN_INT_CONVERSION = YES;
				CLANG_WARN_NON_LITERAL_NULL_CONVERSION = YES;
				CLANG_WARN_OBJC_IMPLICIT_RETAIN_SELF = YES;
				CLANG_WARN_OBJC_LITERAL_CONVERSION = YES;
				CLANG_WARN_OBJC_ROOT_CLASS = YES_ERROR;
				CLANG_WARN_QUOTED_INCLUDE_IN_FRAMEWORK_HEADER = YES;
				CLANG_WARN_RANGE_LOOP_ANALYSIS = YES;
				CLANG_WARN_STRICT_PROTOTYPES = YES;
				CLANG_WARN_SUSPICIOUS_MOVE = YES;
				CLANG_WARN_UNGUARDED_AVAILABILITY = YES_AGGRESSIVE;
				CLANG_WARN_UNREACHABLE_CODE = YES;
				CLANG_WARN__DUPLICATE_METHOD_MATCH = YES;
				COPY_PHASE_STRIP = NO;
				DEBUG_INFORMATION_FORMAT = dwarf;
				ENABLE_STRICT_OBJC_MSGSEND = YES;
				ENABLE_TESTABILITY = YES;
				GCC_C_LANGUAGE_STANDARD = gnu11;
				GCC_DYNAMIC_NO_PIC = NO;
				GCC_NO_COMMON_BLOCKS = YES;
				GCC_OPTIMIZATION_LEVEL = 0;
				GCC_PREPROCESSOR_DEFINITIONS = (
					"DEBUG=1",
					"$(inherited)",
				);
				GCC_WARN_64_TO_32_BIT_CONVERSION = YES;
				GCC_WARN_ABOUT_RETURN_TYPE = YES_ERROR;
				GCC_WARN_UNDECLARED_SELECTOR = YES;
				GCC_WARN_UNINITIALIZED_AUTOS = YES_AGGRESSIVE;
				GCC_WARN_UNUSED_FUNCTION = YES;
				GCC_WARN_UNUSED_VARIABLE = YES;
				IPHONEOS_DEPLOYMENT_TARGET = 15.2;
				MTL_ENABLE_DEBUG_INFO = INCLUDE_SOURCE;
				MTL_FAST_MATH = YES;
				ONLY_ACTIVE_ARCH = YES;
				SDKROOT = iphoneos;
				SWIFT_ACTIVE_COMPILATION_CONDITIONS = DEBUG;
				SWIFT_OPTIMIZATION_LEVEL = "-Onone";
			};
			name = Debug;
		};
		63658AFF27D6758B00EDA5D1 /* Release */ = {
			isa = XCBuildConfiguration;
			buildSettings = {
				ALWAYS_SEARCH_USER_PATHS = NO;
				CLANG_ANALYZER_NONNULL = YES;
				CLANG_ANALYZER_NUMBER_OBJECT_CONVERSION = YES_AGGRESSIVE;
				CLANG_CXX_LANGUAGE_STANDARD = "gnu++17";
				CLANG_CXX_LIBRARY = "libc++";
				CLANG_ENABLE_MODULES = YES;
				CLANG_ENABLE_OBJC_ARC = YES;
				CLANG_ENABLE_OBJC_WEAK = YES;
				CLANG_WARN_BLOCK_CAPTURE_AUTORELEASING = YES;
				CLANG_WARN_BOOL_CONVERSION = YES;
				CLANG_WARN_COMMA = YES;
				CLANG_WARN_CONSTANT_CONVERSION = YES;
				CLANG_WARN_DEPRECATED_OBJC_IMPLEMENTATIONS = YES;
				CLANG_WARN_DIRECT_OBJC_ISA_USAGE = YES_ERROR;
				CLANG_WARN_DOCUMENTATION_COMMENTS = YES;
				CLANG_WARN_EMPTY_BODY = YES;
				CLANG_WARN_ENUM_CONVERSION = YES;
				CLANG_WARN_INFINITE_RECURSION = YES;
				CLANG_WARN_INT_CONVERSION = YES;
				CLANG_WARN_NON_LITERAL_NULL_CONVERSION = YES;
				CLANG_WARN_OBJC_IMPLICIT_RETAIN_SELF = YES;
				CLANG_WARN_OBJC_LITERAL_CONVERSION = YES;
				CLANG_WARN_OBJC_ROOT_CLASS = YES_ERROR;
				CLANG_WARN_QUOTED_INCLUDE_IN_FRAMEWORK_HEADER = YES;
				CLANG_WARN_RANGE_LOOP_ANALYSIS = YES;
				CLANG_WARN_STRICT_PROTOTYPES = YES;
				CLANG_WARN_SUSPICIOUS_MOVE = YES;
				CLANG_WARN_UNGUARDED_AVAILABILITY = YES_AGGRESSIVE;
				CLANG_WARN_UNREACHABLE_CODE = YES;
				CLANG_WARN__DUPLICATE_METHOD_MATCH = YES;
				COPY_PHASE_STRIP = NO;
				DEBUG_INFORMATION_FORMAT = "dwarf-with-dsym";
				ENABLE_NS_ASSERTIONS = NO;
				ENABLE_STRICT_OBJC_MSGSEND = YES;
				GCC_C_LANGUAGE_STANDARD = gnu11;
				GCC_NO_COMMON_BLOCKS = YES;
				GCC_WARN_64_TO_32_BIT_CONVERSION = YES;
				GCC_WARN_ABOUT_RETURN_TYPE = YES_ERROR;
				GCC_WARN_UNDECLARED_SELECTOR = YES;
				GCC_WARN_UNINITIALIZED_AUTOS = YES_AGGRESSIVE;
				GCC_WARN_UNUSED_FUNCTION = YES;
				GCC_WARN_UNUSED_VARIABLE = YES;
				IPHONEOS_DEPLOYMENT_TARGET = 15.2;
				MTL_ENABLE_DEBUG_INFO = NO;
				MTL_FAST_MATH = YES;
				SDKROOT = iphoneos;
				SWIFT_COMPILATION_MODE = wholemodule;
				SWIFT_OPTIMIZATION_LEVEL = "-O";
				VALIDATE_PRODUCT = YES;
			};
			name = Release;
		};
		63658B0127D6758B00EDA5D1 /* Debug */ = {
			isa = XCBuildConfiguration;
			buildSettings = {
				ASSETCATALOG_COMPILER_APPICON_NAME = AppIcon;
				ASSETCATALOG_COMPILER_GLOBAL_ACCENT_COLOR_NAME = AccentColor;
				CODE_SIGN_STYLE = Automatic;
				CURRENT_PROJECT_VERSION = 1;
				DEVELOPMENT_TEAM = 2SPZTGY23T;
				GENERATE_INFOPLIST_FILE = YES;
				INFOPLIST_FILE = "Hw-8-1/Info.plist";
				INFOPLIST_KEY_UIApplicationSupportsIndirectInputEvents = YES;
				INFOPLIST_KEY_UILaunchStoryboardName = LaunchScreen;
				INFOPLIST_KEY_UIMainStoryboardFile = Main;
				INFOPLIST_KEY_UISupportedInterfaceOrientations_iPad = "UIInterfaceOrientationPortrait UIInterfaceOrientationPortraitUpsideDown UIInterfaceOrientationLandscapeLeft UIInterfaceOrientationLandscapeRight";
				INFOPLIST_KEY_UISupportedInterfaceOrientations_iPhone = "UIInterfaceOrientationPortrait UIInterfaceOrientationLandscapeLeft UIInterfaceOrientationLandscapeRight";
				LD_RUNPATH_SEARCH_PATHS = (
					"$(inherited)",
					"@executable_path/Frameworks",
				);
				MARKETING_VERSION = 1.0;
				PRODUCT_BUNDLE_IDENTIFIER = "by.sergeyuk.Hw-8-1";
				PRODUCT_NAME = "$(TARGET_NAME)";
				SWIFT_EMIT_LOC_STRINGS = YES;
				SWIFT_VERSION = 5.0;
				TARGETED_DEVICE_FAMILY = "1,2";
			};
			name = Debug;
		};
		63658B0227D6758B00EDA5D1 /* Release */ = {
			isa = XCBuildConfiguration;
			buildSettings = {
				ASSETCATALOG_COMPILER_APPICON_NAME = AppIcon;
				ASSETCATALOG_COMPILER_GLOBAL_ACCENT_COLOR_NAME = AccentColor;
				CODE_SIGN_STYLE = Automatic;
				CURRENT_PROJECT_VERSION = 1;
				DEVELOPMENT_TEAM = 2SPZTGY23T;
				GENERATE_INFOPLIST_FILE = YES;
				INFOPLIST_FILE = "Hw-8-1/Info.plist";
				INFOPLIST_KEY_UIApplicationSupportsIndirectInputEvents = YES;
				INFOPLIST_KEY_UILaunchStoryboardName = LaunchScreen;
				INFOPLIST_KEY_UIMainStoryboardFile = Main;
				INFOPLIST_KEY_UISupportedInterfaceOrientations_iPad = "UIInterfaceOrientationPortrait UIInterfaceOrientationPortraitUpsideDown UIInterfaceOrientationLandscapeLeft UIInterfaceOrientationLandscapeRight";
				INFOPLIST_KEY_UISupportedInterfaceOrientations_iPhone = "UIInterfaceOrientationPortrait UIInterfaceOrientationLandscapeLeft UIInterfaceOrientationLandscapeRight";
				LD_RUNPATH_SEARCH_PATHS = (
					"$(inherited)",
					"@executable_path/Frameworks",
				);
				MARKETING_VERSION = 1.0;
				PRODUCT_BUNDLE_IDENTIFIER = "by.sergeyuk.Hw-8-1";
				PRODUCT_NAME = "$(TARGET_NAME)";
				SWIFT_EMIT_LOC_STRINGS = YES;
				SWIFT_VERSION = 5.0;
				TARGETED_DEVICE_FAMILY = "1,2";
			};
			name = Release;
		};
/* End XCBuildConfiguration section */

/* Begin XCConfigurationList section */
		63658AE727D6758900EDA5D1 /* Build configuration list for PBXProject "Hw-8-1" */ = {
			isa = XCConfigurationList;
			buildConfigurations = (
				63658AFE27D6758B00EDA5D1 /* Debug */,
				63658AFF27D6758B00EDA5D1 /* Release */,
			);
			defaultConfigurationIsVisible = 0;
			defaultConfigurationName = Release;
		};
		63658B0027D6758B00EDA5D1 /* Build configuration list for PBXNativeTarget "Hw-8-1" */ = {
			isa = XCConfigurationList;
			buildConfigurations = (
				63658B0127D6758B00EDA5D1 /* Debug */,
				63658B0227D6758B00EDA5D1 /* Release */,
			);
			defaultConfigurationIsVisible = 0;
			defaultConfigurationName = Release;
		};
/* End XCConfigurationList section */
	};
	rootObject = 63658AE427D6758900EDA5D1 /* Project object */;
}
